// !$*UTF8*$!
{
	archiveVersion = 1;
	classes = {
	};
	objectVersion = 50;
	objects = {

/* Begin PBXBuildFile section */
		3F1E4D1824F6B9EE00B0DF61 /* AppDelegate.swift in Sources */ = {isa = PBXBuildFile; fileRef = 3F1E4D1724F6B9EE00B0DF61 /* AppDelegate.swift */; };
		3F1E4D1A24F6B9EE00B0DF61 /* SceneDelegate.swift in Sources */ = {isa = PBXBuildFile; fileRef = 3F1E4D1924F6B9EE00B0DF61 /* SceneDelegate.swift */; };
		3F1E4D1C24F6B9EE00B0DF61 /* ViewController.swift in Sources */ = {isa = PBXBuildFile; fileRef = 3F1E4D1B24F6B9EE00B0DF61 /* ViewController.swift */; };
		3F1E4D1F24F6B9EE00B0DF61 /* Main.storyboard in Resources */ = {isa = PBXBuildFile; fileRef = 3F1E4D1D24F6B9EE00B0DF61 /* Main.storyboard */; };
		3F1E4D2124F6B9F300B0DF61 /* Assets.xcassets in Resources */ = {isa = PBXBuildFile; fileRef = 3F1E4D2024F6B9F300B0DF61 /* Assets.xcassets */; };
		3F1E4D2424F6B9F300B0DF61 /* LaunchScreen.storyboard in Resources */ = {isa = PBXBuildFile; fileRef = 3F1E4D2224F6B9F300B0DF61 /* LaunchScreen.storyboard */; };
		3F1E4D2F24F6B9F300B0DF61 /* Buttons_and_LabelsTests.swift in Sources */ = {isa = PBXBuildFile; fileRef = 3F1E4D2E24F6B9F300B0DF61 /* Buttons_and_LabelsTests.swift */; };
		3F1E4D3A24F6B9F400B0DF61 /* Buttons_and_LabelsUITests.swift in Sources */ = {isa = PBXBuildFile; fileRef = 3F1E4D3924F6B9F400B0DF61 /* Buttons_and_LabelsUITests.swift */; };
/* End PBXBuildFile section */

/* Begin PBXContainerItemProxy section */
		3F1E4D2B24F6B9F300B0DF61 /* PBXContainerItemProxy */ = {
			isa = PBXContainerItemProxy;
			containerPortal = 3F1E4D0C24F6B9EE00B0DF61 /* Project object */;
			proxyType = 1;
			remoteGlobalIDString = 3F1E4D1324F6B9EE00B0DF61;
			remoteInfo = "Buttons and Labels";
		};
		3F1E4D3624F6B9F400B0DF61 /* PBXContainerItemProxy */ = {
			isa = PBXContainerItemProxy;
			containerPortal = 3F1E4D0C24F6B9EE00B0DF61 /* Project object */;
			proxyType = 1;
			remoteGlobalIDString = 3F1E4D1324F6B9EE00B0DF61;
			remoteInfo = "Buttons and Labels";
		};
/* End PBXContainerItemProxy section */

/* Begin PBXFileReference section */
		3F1E4D1424F6B9EE00B0DF61 /* Buttons and Labels.app */ = {isa = PBXFileReference; explicitFileType = wrapper.application; includeInIndex = 0; path = "Buttons and Labels.app"; sourceTree = BUILT_PRODUCTS_DIR; };
		3F1E4D1724F6B9EE00B0DF61 /* AppDelegate.swift */ = {isa = PBXFileReference; lastKnownFileType = sourcecode.swift; path = AppDelegate.swift; sourceTree = "<group>"; };
		3F1E4D1924F6B9EE00B0DF61 /* SceneDelegate.swift */ = {isa = PBXFileReference; lastKnownFileType = sourcecode.swift; path = SceneDelegate.swift; sourceTree = "<group>"; };
		3F1E4D1B24F6B9EE00B0DF61 /* ViewController.swift */ = {isa = PBXFileReference; lastKnownFileType = sourcecode.swift; path = ViewController.swift; sourceTree = "<group>"; };
		3F1E4D1E24F6B9EE00B0DF61 /* Base */ = {isa = PBXFileReference; lastKnownFileType = file.storyboard; name = Base; path = Base.lproj/Main.storyboard; sourceTree = "<group>"; };
		3F1E4D2024F6B9F300B0DF61 /* Assets.xcassets */ = {isa = PBXFileReference; lastKnownFileType = folder.assetcatalog; path = Assets.xcassets; sourceTree = "<group>"; };
		3F1E4D2324F6B9F300B0DF61 /* Base */ = {isa = PBXFileReference; lastKnownFileType = file.storyboard; name = Base; path = Base.lproj/LaunchScreen.storyboard; sourceTree = "<group>"; };
		3F1E4D2524F6B9F300B0DF61 /* Info.plist */ = {isa = PBXFileReference; lastKnownFileType = text.plist.xml; path = Info.plist; sourceTree = "<group>"; };
		3F1E4D2A24F6B9F300B0DF61 /* Buttons and LabelsTests.xctest */ = {isa = PBXFileReference; explicitFileType = wrapper.cfbundle; includeInIndex = 0; path = "Buttons and LabelsTests.xctest"; sourceTree = BUILT_PRODUCTS_DIR; };
		3F1E4D2E24F6B9F300B0DF61 /* Buttons_and_LabelsTests.swift */ = {isa = PBXFileReference; lastKnownFileType = sourcecode.swift; path = Buttons_and_LabelsTests.swift; sourceTree = "<group>"; };
		3F1E4D3024F6B9F300B0DF61 /* Info.plist */ = {isa = PBXFileReference; lastKnownFileType = text.plist.xml; path = Info.plist; sourceTree = "<group>"; };
		3F1E4D3524F6B9F400B0DF61 /* Buttons and LabelsUITests.xctest */ = {isa = PBXFileReference; explicitFileType = wrapper.cfbundle; includeInIndex = 0; path = "Buttons and LabelsUITests.xctest"; sourceTree = BUILT_PRODUCTS_DIR; };
		3F1E4D3924F6B9F400B0DF61 /* Buttons_and_LabelsUITests.swift */ = {isa = PBXFileReference; lastKnownFileType = sourcecode.swift; path = Buttons_and_LabelsUITests.swift; sourceTree = "<group>"; };
		3F1E4D3B24F6B9F400B0DF61 /* Info.plist */ = {isa = PBXFileReference; lastKnownFileType = text.plist.xml; path = Info.plist; sourceTree = "<group>"; };
/* End PBXFileReference section */

/* Begin PBXFrameworksBuildPhase section */
		3F1E4D1124F6B9EE00B0DF61 /* Frameworks */ = {
			isa = PBXFrameworksBuildPhase;
			buildActionMask = 2147483647;
			files = (
			);
			runOnlyForDeploymentPostprocessing = 0;
		};
		3F1E4D2724F6B9F300B0DF61 /* Frameworks */ = {
			isa = PBXFrameworksBuildPhase;
			buildActionMask = 2147483647;
			files = (
			);
			runOnlyForDeploymentPostprocessing = 0;
		};
		3F1E4D3224F6B9F400B0DF61 /* Frameworks */ = {
			isa = PBXFrameworksBuildPhase;
			buildActionMask = 2147483647;
			files = (
			);
			runOnlyForDeploymentPostprocessing = 0;
		};
/* End PBXFrameworksBuildPhase section */

/* Begin PBXGroup section */
		3F1E4D0B24F6B9EE00B0DF61 = {
			isa = PBXGroup;
			children = (
				3F1E4D1624F6B9EE00B0DF61 /* Buttons and Labels */,
				3F1E4D2D24F6B9F300B0DF61 /* Buttons and LabelsTests */,
				3F1E4D3824F6B9F400B0DF61 /* Buttons and LabelsUITests */,
				3F1E4D1524F6B9EE00B0DF61 /* Products */,
			);
			sourceTree = "<group>";
		};
		3F1E4D1524F6B9EE00B0DF61 /* Products */ = {
			isa = PBXGroup;
			children = (
				3F1E4D1424F6B9EE00B0DF61 /* Buttons and Labels.app */,
				3F1E4D2A24F6B9F300B0DF61 /* Buttons and LabelsTests.xctest */,
				3F1E4D3524F6B9F400B0DF61 /* Buttons and LabelsUITests.xctest */,
			);
			name = Products;
			sourceTree = "<group>";
		};
		3F1E4D1624F6B9EE00B0DF61 /* Buttons and Labels */ = {
			isa = PBXGroup;
			children = (
				3F1E4D1724F6B9EE00B0DF61 /* AppDelegate.swift */,
				3F1E4D1924F6B9EE00B0DF61 /* SceneDelegate.swift */,
				3F1E4D1B24F6B9EE00B0DF61 /* ViewController.swift */,
				3F1E4D1D24F6B9EE00B0DF61 /* Main.storyboard */,
				3F1E4D2024F6B9F300B0DF61 /* Assets.xcassets */,
				3F1E4D2224F6B9F300B0DF61 /* LaunchScreen.storyboard */,
				3F1E4D2524F6B9F300B0DF61 /* Info.plist */,
			);
			path = "Buttons and Labels";
			sourceTree = "<group>";
		};
		3F1E4D2D24F6B9F300B0DF61 /* Buttons and LabelsTests */ = {
			isa = PBXGroup;
			children = (
				3F1E4D2E24F6B9F300B0DF61 /* Buttons_and_LabelsTests.swift */,
				3F1E4D3024F6B9F300B0DF61 /* Info.plist */,
			);
			path = "Buttons and LabelsTests";
			sourceTree = "<group>";
		};
		3F1E4D3824F6B9F400B0DF61 /* Buttons and LabelsUITests */ = {
			isa = PBXGroup;
			children = (
				3F1E4D3924F6B9F400B0DF61 /* Buttons_and_LabelsUITests.swift */,
				3F1E4D3B24F6B9F400B0DF61 /* Info.plist */,
			);
			path = "Buttons and LabelsUITests";
			sourceTree = "<group>";
		};
/* End PBXGroup section */

/* Begin PBXNativeTarget section */
		3F1E4D1324F6B9EE00B0DF61 /* Buttons and Labels */ = {
			isa = PBXNativeTarget;
			buildConfigurationList = 3F1E4D3E24F6B9F400B0DF61 /* Build configuration list for PBXNativeTarget "Buttons and Labels" */;
			buildPhases = (
				3F1E4D1024F6B9EE00B0DF61 /* Sources */,
				3F1E4D1124F6B9EE00B0DF61 /* Frameworks */,
				3F1E4D1224F6B9EE00B0DF61 /* Resources */,
			);
			buildRules = (
			);
			dependencies = (
			);
			name = "Buttons and Labels";
			productName = "Buttons and Labels";
			productReference = 3F1E4D1424F6B9EE00B0DF61 /* Buttons and Labels.app */;
			productType = "com.apple.product-type.application";
		};
		3F1E4D2924F6B9F300B0DF61 /* Buttons and LabelsTests */ = {
			isa = PBXNativeTarget;
			buildConfigurationList = 3F1E4D4124F6B9F400B0DF61 /* Build configuration list for PBXNativeTarget "Buttons and LabelsTests" */;
			buildPhases = (
				3F1E4D2624F6B9F300B0DF61 /* Sources */,
				3F1E4D2724F6B9F300B0DF61 /* Frameworks */,
				3F1E4D2824F6B9F300B0DF61 /* Resources */,
			);
			buildRules = (
			);
			dependencies = (
				3F1E4D2C24F6B9F300B0DF61 /* PBXTargetDependency */,
			);
			name = "Buttons and LabelsTests";
			productName = "Buttons and LabelsTests";
			productReference = 3F1E4D2A24F6B9F300B0DF61 /* Buttons and LabelsTests.xctest */;
			productType = "com.apple.product-type.bundle.unit-test";
		};
		3F1E4D3424F6B9F400B0DF61 /* Buttons and LabelsUITests */ = {
			isa = PBXNativeTarget;
			buildConfigurationList = 3F1E4D4424F6B9F400B0DF61 /* Build configuration list for PBXNativeTarget "Buttons and LabelsUITests" */;
			buildPhases = (
				3F1E4D3124F6B9F400B0DF61 /* Sources */,
				3F1E4D3224F6B9F400B0DF61 /* Frameworks */,
				3F1E4D3324F6B9F400B0DF61 /* Resources */,
			);
			buildRules = (
			);
			dependencies = (
				3F1E4D3724F6B9F400B0DF61 /* PBXTargetDependency */,
			);
			name = "Buttons and LabelsUITests";
			productName = "Buttons and LabelsUITests";
			productReference = 3F1E4D3524F6B9F400B0DF61 /* Buttons and LabelsUITests.xctest */;
			productType = "com.apple.product-type.bundle.ui-testing";
		};
/* End PBXNativeTarget section */

/* Begin PBXProject section */
		3F1E4D0C24F6B9EE00B0DF61 /* Project object */ = {
			isa = PBXProject;
			attributes = {
				LastSwiftUpdateCheck = 1160;
				LastUpgradeCheck = 1160;
				ORGANIZATIONNAME = uzayr;
				TargetAttributes = {
					3F1E4D1324F6B9EE00B0DF61 = {
						CreatedOnToolsVersion = 11.6;
					};
					3F1E4D2924F6B9F300B0DF61 = {
						CreatedOnToolsVersion = 11.6;
						TestTargetID = 3F1E4D1324F6B9EE00B0DF61;
					};
					3F1E4D3424F6B9F400B0DF61 = {
						CreatedOnToolsVersion = 11.6;
						TestTargetID = 3F1E4D1324F6B9EE00B0DF61;
					};
				};
			};
			buildConfigurationList = 3F1E4D0F24F6B9EE00B0DF61 /* Build configuration list for PBXProject "Buttons and Labels" */;
			compatibilityVersion = "Xcode 9.3";
			developmentRegion = en;
			hasScannedForEncodings = 0;
			knownRegions = (
				en,
				Base,
			);
			mainGroup = 3F1E4D0B24F6B9EE00B0DF61;
			productRefGroup = 3F1E4D1524F6B9EE00B0DF61 /* Products */;
			projectDirPath = "";
			projectRoot = "";
			targets = (
				3F1E4D1324F6B9EE00B0DF61 /* Buttons and Labels */,
				3F1E4D2924F6B9F300B0DF61 /* Buttons and LabelsTests */,
				3F1E4D3424F6B9F400B0DF61 /* Buttons and LabelsUITests */,
			);
		};
/* End PBXProject section */

/* Begin PBXResourcesBuildPhase section */
		3F1E4D1224F6B9EE00B0DF61 /* Resources */ = {
			isa = PBXResourcesBuildPhase;
			buildActionMask = 2147483647;
			files = (
				3F1E4D2424F6B9F300B0DF61 /* LaunchScreen.storyboard in Resources */,
				3F1E4D2124F6B9F300B0DF61 /* Assets.xcassets in Resources */,
				3F1E4D1F24F6B9EE00B0DF61 /* Main.storyboard in Resources */,
			);
			runOnlyForDeploymentPostprocessing = 0;
		};
		3F1E4D2824F6B9F300B0DF61 /* Resources */ = {
			isa = PBXResourcesBuildPhase;
			buildActionMask = 2147483647;
			files = (
			);
			runOnlyForDeploymentPostprocessing = 0;
		};
		3F1E4D3324F6B9F400B0DF61 /* Resources */ = {
			isa = PBXResourcesBuildPhase;
			buildActionMask = 2147483647;
			files = (
			);
			runOnlyForDeploymentPostprocessing = 0;
		};
/* End PBXResourcesBuildPhase section */

/* Begin PBXSourcesBuildPhase section */
		3F1E4D1024F6B9EE00B0DF61 /* Sources */ = {
			isa = PBXSourcesBuildPhase;
			buildActionMask = 2147483647;
			files = (
				3F1E4D1C24F6B9EE00B0DF61 /* ViewController.swift in Sources */,
				3F1E4D1824F6B9EE00B0DF61 /* AppDelegate.swift in Sources */,
				3F1E4D1A24F6B9EE00B0DF61 /* SceneDelegate.swift in Sources */,
			);
			runOnlyForDeploymentPostprocessing = 0;
		};
		3F1E4D2624F6B9F300B0DF61 /* Sources */ = {
			isa = PBXSourcesBuildPhase;
			buildActionMask = 2147483647;
			files = (
				3F1E4D2F24F6B9F300B0DF61 /* Buttons_and_LabelsTests.swift in Sources */,
			);
			runOnlyForDeploymentPostprocessing = 0;
		};
		3F1E4D3124F6B9F400B0DF61 /* Sources */ = {
			isa = PBXSourcesBuildPhase;
			buildActionMask = 2147483647;
			files = (
				3F1E4D3A24F6B9F400B0DF61 /* Buttons_and_LabelsUITests.swift in Sources */,
			);
			runOnlyForDeploymentPostprocessing = 0;
		};
/* End PBXSourcesBuildPhase section */

/* Begin PBXTargetDependency section */
		3F1E4D2C24F6B9F300B0DF61 /* PBXTargetDependency */ = {
			isa = PBXTargetDependency;
			target = 3F1E4D1324F6B9EE00B0DF61 /* Buttons and Labels */;
			targetProxy = 3F1E4D2B24F6B9F300B0DF61 /* PBXContainerItemProxy */;
		};
		3F1E4D3724F6B9F400B0DF61 /* PBXTargetDependency */ = {
			isa = PBXTargetDependency;
			target = 3F1E4D1324F6B9EE00B0DF61 /* Buttons and Labels */;
			targetProxy = 3F1E4D3624F6B9F400B0DF61 /* PBXContainerItemProxy */;
		};
/* End PBXTargetDependency section */

/* Begin PBXVariantGroup section */
		3F1E4D1D24F6B9EE00B0DF61 /* Main.storyboard */ = {
			isa = PBXVariantGroup;
			children = (
				3F1E4D1E24F6B9EE00B0DF61 /* Base */,
			);
			name = Main.storyboard;
			sourceTree = "<group>";
		};
		3F1E4D2224F6B9F300B0DF61 /* LaunchScreen.storyboard */ = {
			isa = PBXVariantGroup;
			children = (
				3F1E4D2324F6B9F300B0DF61 /* Base */,
			);
			name = LaunchScreen.storyboard;
			sourceTree = "<group>";
		};
/* End PBXVariantGroup section */

/* Begin XCBuildConfiguration section */
		3F1E4D3C24F6B9F400B0DF61 /* Debug */ = {
			isa = XCBuildConfiguration;
			buildSettings = {
				ALWAYS_SEARCH_USER_PATHS = NO;
				CLANG_ANALYZER_NONNULL = YES;
				CLANG_ANALYZER_NUMBER_OBJECT_CONVERSION = YES_AGGRESSIVE;
				CLANG_CXX_LANGUAGE_STANDARD = "gnu++14";
				CLANG_CXX_LIBRARY = "libc++";
				CLANG_ENABLE_MODULES = YES;
				CLANG_ENABLE_OBJC_ARC = YES;
				CLANG_ENABLE_OBJC_WEAK = YES;
				CLANG_WARN_BLOCK_CAPTURE_AUTORELEASING = YES;
				CLANG_WARN_BOOL_CONVERSION = YES;
				CLANG_WARN_COMMA = YES;
				CLANG_WARN_CONSTANT_CONVERSION = YES;
				CLANG_WARN_DEPRECATED_OBJC_IMPLEMENTATIONS = YES;
				CLANG_WARN_DIRECT_OBJC_ISA_USAGE = YES_ERROR;
				CLANG_WARN_DOCUMENTATION_COMMENTS = YES;
				CLANG_WARN_EMPTY_BODY = YES;
				CLANG_WARN_ENUM_CONVERSION = YES;
				CLANG_WARN_INFINITE_RECURSION = YES;
				CLANG_WARN_INT_CONVERSION = YES;
				CLANG_WARN_NON_LITERAL_NULL_CONVERSION = YES;
				CLANG_WARN_OBJC_IMPLICIT_RETAIN_SELF = YES;
				CLANG_WARN_OBJC_LITERAL_CONVERSION = YES;
				CLANG_WARN_OBJC_ROOT_CLASS = YES_ERROR;
				CLANG_WARN_RANGE_LOOP_ANALYSIS = YES;
				CLANG_WARN_STRICT_PROTOTYPES = YES;
				CLANG_WARN_SUSPICIOUS_MOVE = YES;
				CLANG_WARN_UNGUARDED_AVAILABILITY = YES_AGGRESSIVE;
				CLANG_WARN_UNREACHABLE_CODE = YES;
				CLANG_WARN__DUPLICATE_METHOD_MATCH = YES;
				COPY_PHASE_STRIP = NO;
				DEBUG_INFORMATION_FORMAT = dwarf;
				ENABLE_STRICT_OBJC_MSGSEND = YES;
				ENABLE_TESTABILITY = YES;
				GCC_C_LANGUAGE_STANDARD = gnu11;
				GCC_DYNAMIC_NO_PIC = NO;
				GCC_NO_COMMON_BLOCKS = YES;
				GCC_OPTIMIZATION_LEVEL = 0;
				GCC_PREPROCESSOR_DEFINITIONS = (
					"DEBUG=1",
					"$(inherited)",
				);
				GCC_WARN_64_TO_32_BIT_CONVERSION = YES;
				GCC_WARN_ABOUT_RETURN_TYPE = YES_ERROR;
				GCC_WARN_UNDECLARED_SELECTOR = YES;
				GCC_WARN_UNINITIALIZED_AUTOS = YES_AGGRESSIVE;
				GCC_WARN_UNUSED_FUNCTION = YES;
				GCC_WARN_UNUSED_VARIABLE = YES;
				IPHONEOS_DEPLOYMENT_TARGET = 13.6;
				MTL_ENABLE_DEBUG_INFO = INCLUDE_SOURCE;
				MTL_FAST_MATH = YES;
				ONLY_ACTIVE_ARCH = YES;
				SDKROOT = iphoneos;
				SWIFT_ACTIVE_COMPILATION_CONDITIONS = DEBUG;
				SWIFT_OPTIMIZATION_LEVEL = "-Onone";
			};
			name = Debug;
		};
		3F1E4D3D24F6B9F400B0DF61 /* Release */ = {
			isa = XCBuildConfiguration;
			buildSettings = {
				ALWAYS_SEARCH_USER_PATHS = NO;
				CLANG_ANALYZER_NONNULL = YES;
				CLANG_ANALYZER_NUMBER_OBJECT_CONVERSION = YES_AGGRESSIVE;
				CLANG_CXX_LANGUAGE_STANDARD = "gnu++14";
				CLANG_CXX_LIBRARY = "libc++";
				CLANG_ENABLE_MODULES = YES;
				CLANG_ENABLE_OBJC_ARC = YES;
				CLANG_ENABLE_OBJC_WEAK = YES;
				CLANG_WARN_BLOCK_CAPTURE_AUTORELEASING = YES;
				CLANG_WARN_BOOL_CONVERSION = YES;
				CLANG_WARN_COMMA = YES;
				CLANG_WARN_CONSTANT_CONVERSION = YES;
				CLANG_WARN_DEPRECATED_OBJC_IMPLEMENTATIONS = YES;
				CLANG_WARN_DIRECT_OBJC_ISA_USAGE = YES_ERROR;
				CLANG_WARN_DOCUMENTATION_COMMENTS = YES;
				CLANG_WARN_EMPTY_BODY = YES;
				CLANG_WARN_ENUM_CONVERSION = YES;
				CLANG_WARN_INFINITE_RECURSION = YES;
				CLANG_WARN_INT_CONVERSION = YES;
				CLANG_WARN_NON_LITERAL_NULL_CONVERSION = YES;
				CLANG_WARN_OBJC_IMPLICIT_RETAIN_SELF = YES;
				CLANG_WARN_OBJC_LITERAL_CONVERSION = YES;
				CLANG_WARN_OBJC_ROOT_CLASS = YES_ERROR;
				CLANG_WARN_RANGE_LOOP_ANALYSIS = YES;
				CLANG_WARN_STRICT_PROTOTYPES = YES;
				CLANG_WARN_SUSPICIOUS_MOVE = YES;
				CLANG_WARN_UNGUARDED_AVAILABILITY = YES_AGGRESSIVE;
				CLANG_WARN_UNREACHABLE_CODE = YES;
				CLANG_WARN__DUPLICATE_METHOD_MATCH = YES;
				COPY_PHASE_STRIP = NO;
				DEBUG_INFORMATION_FORMAT = "dwarf-with-dsym";
				ENABLE_NS_ASSERTIONS = NO;
				ENABLE_STRICT_OBJC_MSGSEND = YES;
				GCC_C_LANGUAGE_STANDARD = gnu11;
				GCC_NO_COMMON_BLOCKS = YES;
				GCC_WARN_64_TO_32_BIT_CONVERSION = YES;
				GCC_WARN_ABOUT_RETURN_TYPE = YES_ERROR;
				GCC_WARN_UNDECLARED_SELECTOR = YES;
				GCC_WARN_UNINITIALIZED_AUTOS = YES_AGGRESSIVE;
				GCC_WARN_UNUSED_FUNCTION = YES;
				GCC_WARN_UNUSED_VARIABLE = YES;
				IPHONEOS_DEPLOYMENT_TARGET = 13.6;
				MTL_ENABLE_DEBUG_INFO = NO;
				MTL_FAST_MATH = YES;
				SDKROOT = iphoneos;
				SWIFT_COMPILATION_MODE = wholemodule;
				SWIFT_OPTIMIZATION_LEVEL = "-O";
				VALIDATE_PRODUCT = YES;
			};
			name = Release;
		};
		3F1E4D3F24F6B9F400B0DF61 /* Debug */ = {
			isa = XCBuildConfiguration;
			buildSettings = {
				ASSETCATALOG_COMPILER_APPICON_NAME = AppIcon;
				CODE_SIGN_STYLE = Automatic;
				INFOPLIST_FILE = "Buttons and Labels/Info.plist";
				LD_RUNPATH_SEARCH_PATHS = (
					"$(inherited)",
					"@executable_path/Frameworks",
				);
				PRODUCT_BUNDLE_IDENTIFIER = "MR-B.Buttons-and-Labels";
				PRODUCT_NAME = "$(TARGET_NAME)";
				SWIFT_VERSION = 5.0;
				TARGETED_DEVICE_FAMILY = "1,2";
			};
			name = Debug;
		};
		3F1E4D4024F6B9F400B0DF61 /* Release */ = {
			isa = XCBuildConfiguration;
			buildSettings = {
				ASSETCATALOG_COMPILER_APPICON_NAME = AppIcon;
				CODE_SIGN_STYLE = Automatic;
				INFOPLIST_FILE = "Buttons and Labels/Info.plist";
				LD_RUNPATH_SEARCH_PATHS = (
					"$(inherited)",
					"@executable_path/Frameworks",
				);
				PRODUCT_BUNDLE_IDENTIFIER = "MR-B.Buttons-and-Labels";
				PRODUCT_NAME = "$(TARGET_NAME)";
				SWIFT_VERSION = 5.0;
				TARGETED_DEVICE_FAMILY = "1,2";
			};
			name = Release;
		};
		3F1E4D4224F6B9F400B0DF61 /* Debug */ = {
			isa = XCBuildConfiguration;
			buildSettings = {
				ALWAYS_EMBED_SWIFT_STANDARD_LIBRARIES = YES;
				BUNDLE_LOADER = "$(TEST_HOST)";
				CODE_SIGN_STYLE = Automatic;
				INFOPLIST_FILE = "Buttons and LabelsTests/Info.plist";
				IPHONEOS_DEPLOYMENT_TARGET = 13.6;
				LD_RUNPATH_SEARCH_PATHS = (
					"$(inherited)",
					"@executable_path/Frameworks",
					"@loader_path/Frameworks",
				);
				PRODUCT_BUNDLE_IDENTIFIER = "MR-B.Buttons-and-LabelsTests";
				PRODUCT_NAME = "$(TARGET_NAME)";
				SWIFT_VERSION = 5.0;
				TARGETED_DEVICE_FAMILY = "1,2";
				TEST_HOST = "$(BUILT_PRODUCTS_DIR)/Buttons and Labels.app/Buttons and Labels";
			};
			name = Debug;
		};
		3F1E4D4324F6B9F400B0DF61 /* Release */ = {
			isa = XCBuildConfiguration;
			buildSettings = {
				ALWAYS_EMBED_SWIFT_STANDARD_LIBRARIES = YES;
				BUNDLE_LOADER = "$(TEST_HOST)";
				CODE_SIGN_STYLE = Automatic;
				INFOPLIST_FILE = "Buttons and LabelsTests/Info.plist";
				IPHONEOS_DEPLOYMENT_TARGET = 13.6;
				LD_RUNPATH_SEARCH_PATHS = (
					"$(inherited)",
					"@executable_path/Frameworks",
					"@loader_path/Frameworks",
				);
				PRODUCT_BUNDLE_IDENTIFIER = "MR-B.Buttons-and-LabelsTests";
				PRODUCT_NAME = "$(TARGET_NAME)";
				SWIFT_VERSION = 5.0;
				TARGETED_DEVICE_FAMILY = "1,2";
				TEST_HOST = "$(BUILT_PRODUCTS_DIR)/Buttons and Labels.app/Buttons and Labels";
			};
			name = Release;
		};
		3F1E4D4524F6B9F400B0DF61 /* Debug */ = {
			isa = XCBuildConfiguration;
			buildSettings = {
				ALWAYS_EMBED_SWIFT_STANDARD_LIBRARIES = YES;
				CODE_SIGN_STYLE = Automatic;
				INFOPLIST_FILE = "Buttons and LabelsUITests/Info.plist";
				LD_RUNPATH_SEARCH_PATHS = (
					"$(inherited)",
					"@executable_path/Frameworks",
					"@loader_path/Frameworks",
				);
				PRODUCT_BUNDLE_IDENTIFIER = "MR-B.Buttons-and-LabelsUITests";
				PRODUCT_NAME = "$(TARGET_NAME)";
				SWIFT_VERSION = 5.0;
				TARGETED_DEVICE_FAMILY = "1,2";
				TEST_TARGET_NAME = "Buttons and Labels";
			};
			name = Debug;
		};
		3F1E4D4624F6B9F400B0DF61 /* Release */ = {
			isa = XCBuildConfiguration;
			buildSettings = {
				ALWAYS_EMBED_SWIFT_STANDARD_LIBRARIES = YES;
				CODE_SIGN_STYLE = Automatic;
				INFOPLIST_FILE = "Buttons and LabelsUITests/Info.plist";
				LD_RUNPATH_SEARCH_PATHS = (
					"$(inherited)",
					"@executable_path/Frameworks",
					"@loader_path/Frameworks",
				);
				PRODUCT_BUNDLE_IDENTIFIER = "MR-B.Buttons-and-LabelsUITests";
				PRODUCT_NAME = "$(TARGET_NAME)";
				SWIFT_VERSION = 5.0;
				TARGETED_DEVICE_FAMILY = "1,2";
				TEST_TARGET_NAME = "Buttons and Labels";
			};
			name = Release;
		};
/* End XCBuildConfiguration section */

/* Begin XCConfigurationList section */
		3F1E4D0F24F6B9EE00B0DF61 /* Build configuration list for PBXProject "Buttons and Labels" */ = {
			isa = XCConfigurationList;
			buildConfigurations = (
				3F1E4D3C24F6B9F400B0DF61 /* Debug */,
				3F1E4D3D24F6B9F400B0DF61 /* Release */,
			);
			defaultConfigurationIsVisible = 0;
			defaultConfigurationName = Release;
		};
		3F1E4D3E24F6B9F400B0DF61 /* Build configuration list for PBXNativeTarget "Buttons and Labels" */ = {
			isa = XCConfigurationList;
			buildConfigurations = (
				3F1E4D3F24F6B9F400B0DF61 /* Debug */,
				3F1E4D4024F6B9F400B0DF61 /* Release */,
			);
			defaultConfigurationIsVisible = 0;
			defaultConfigurationName = Release;
		};
		3F1E4D4124F6B9F400B0DF61 /* Build configuration list for PBXNativeTarget "Buttons and LabelsTests" */ = {
			isa = XCConfigurationList;
			buildConfigurations = (
				3F1E4D4224F6B9F400B0DF61 /* Debug */,
				3F1E4D4324F6B9F400B0DF61 /* Release */,
			);
			defaultConfigurationIsVisible = 0;
			defaultConfigurationName = Release;
		};
		3F1E4D4424F6B9F400B0DF61 /* Build configuration list for PBXNativeTarget "Buttons and LabelsUITests" */ = {
			isa = XCConfigurationList;
			buildConfigurations = (
				3F1E4D4524F6B9F400B0DF61 /* Debug */,
				3F1E4D4624F6B9F400B0DF61 /* Release */,
			);
			defaultConfigurationIsVisible = 0;
			defaultConfigurationName = Release;
		};
/* End XCConfigurationList section */
	};
	rootObject = 3F1E4D0C24F6B9EE00B0DF61 /* Project object */;
}
